
Microsoft Visual Studio Solution File, Format Version 12.00
# Visual Studio Version 17
VisualStudioVersion = 17.8.34408.163
MinimumVisualStudioVersion = 10.0.40219.1
Project("{2150E333-8FDC-42A3-9474-1A3956D46DE8}") = "src", "src", "{FDC36F15-348D-4E6B-81BD-3AF3FD6F690B}"
EndProject
Project("{2150E333-8FDC-42A3-9474-1A3956D46DE8}") = "tests", "tests", "{DDCCE13A-A8D7-4535-A055-FCD2A39C8C1B}"
EndProject
Project("{FAE04EC0-301F-11D3-BF4B-00C04F79EFBC}") = "RocketseatAuction.API", "src\RocketseatAuction.API\RocketseatAuction.API.csproj", "{14D47652-A661-4A1A-AADD-734ED3C2D4F7}"
EndProject
Project("{2150E333-8FDC-42A3-9474-1A3956D46DE8}") = "Solution Items", "Solution Items", "{D8E3FF46-3A53-45BB-AB9A-4249507ECB78}"
	ProjectSection(SolutionItems) = preProject
		.editorconfig = .editorconfig
	EndProjectSection
EndProject
Global
	GlobalSection(SolutionConfigurationPlatforms) = preSolution
		Debug|Any CPU = Debug|Any CPU
		Release|Any CPU = Release|Any CPU
	EndGlobalSection
	GlobalSection(ProjectConfigurationPlatforms) = postSolution
		{14D47652-A661-4A1A-AADD-734ED3C2D4F7}.Debug|Any CPU.ActiveCfg = Debug|Any CPU
		{14D47652-A661-4A1A-AADD-734ED3C2D4F7}.Debug|Any CPU.Build.0 = Debug|Any CPU
		{14D47652-A661-4A1A-AADD-734ED3C2D4F7}.Release|Any CPU.ActiveCfg = Release|Any CPU
		{14D47652-A661-4A1A-AADD-734ED3C2D4F7}.Release|Any CPU.Build.0 = Release|Any CPU
	EndGlobalSection
	GlobalSection(SolutionProperties) = preSolution
		HideSolutionNode = FALSE
	EndGlobalSection
	GlobalSection(NestedProjects) = preSolution
		{14D47652-A661-4A1A-AADD-734ED3C2D4F7} = {FDC36F15-348D-4E6B-81BD-3AF3FD6F690B}
	EndGlobalSection
	GlobalSection(ExtensibilityGlobals) = postSolution
		SolutionGuid = {17DA819B-42F9-4980-A329-302ADACFFB8C}
	EndGlobalSection
EndGlobal
